// !$*UTF8*$!
{
	archiveVersion = 1;
	classes = {
	};
	objectVersion = 48;
	objects = {

/* Begin PBXBuildFile section */
		B47B87C022AB14170094526D /* AppDelegate.swift in Sources */ = {isa = PBXBuildFile; fileRef = B47B87BF22AB14170094526D /* AppDelegate.swift */; };
		B47B87C222AB14170094526D /* ViewController.swift in Sources */ = {isa = PBXBuildFile; fileRef = B47B87C122AB14170094526D /* ViewController.swift */; };
		B47B87C522AB14170094526D /* Main.storyboard in Resources */ = {isa = PBXBuildFile; fileRef = B47B87C322AB14170094526D /* Main.storyboard */; };
		B47B87C722AB14170094526D /* Assets.xcassets in Resources */ = {isa = PBXBuildFile; fileRef = B47B87C622AB14170094526D /* Assets.xcassets */; };
		B47B87CA22AB14170094526D /* LaunchScreen.storyboard in Resources */ = {isa = PBXBuildFile; fileRef = B47B87C822AB14170094526D /* LaunchScreen.storyboard */; };
/* End PBXBuildFile section */

/* Begin PBXFileReference section */
		B47B87BC22AB14170094526D /* Obligatorio3SantiagoTambasco.app */ = {isa = PBXFileReference; explicitFileType = wrapper.application; includeInIndex = 0; path = Obligatorio3SantiagoTambasco.app; sourceTree = BUILT_PRODUCTS_DIR; };
		B47B87BF22AB14170094526D /* AppDelegate.swift */ = {isa = PBXFileReference; lastKnownFileType = sourcecode.swift; path = AppDelegate.swift; sourceTree = "<group>"; };
		B47B87C122AB14170094526D /* ViewController.swift */ = {isa = PBXFileReference; lastKnownFileType = sourcecode.swift; path = ViewController.swift; sourceTree = "<group>"; };
		B47B87C422AB14170094526D /* Base */ = {isa = PBXFileReference; lastKnownFileType = file.storyboard; name = Base; path = Base.lproj/Main.storyboard; sourceTree = "<group>"; };
		B47B87C622AB14170094526D /* Assets.xcassets */ = {isa = PBXFileReference; lastKnownFileType = folder.assetcatalog; path = Assets.xcassets; sourceTree = "<group>"; };
		B47B87C922AB14170094526D /* Base */ = {isa = PBXFileReference; lastKnownFileType = file.storyboard; name = Base; path = Base.lproj/LaunchScreen.storyboard; sourceTree = "<group>"; };
		B47B87CB22AB14170094526D /* Info.plist */ = {isa = PBXFileReference; lastKnownFileType = text.plist.xml; path = Info.plist; sourceTree = "<group>"; };
/* End PBXFileReference section */

/* Begin PBXFrameworksBuildPhase section */
		B47B87B922AB14170094526D /* Frameworks */ = {
			isa = PBXFrameworksBuildPhase;
			buildActionMask = 2147483647;
			files = (
			);
			runOnlyForDeploymentPostprocessing = 0;
		};
/* End PBXFrameworksBuildPhase section */

/* Begin PBXGroup section */
		B47B87B322AB14170094526D = {
			isa = PBXGroup;
			children = (
				B47B87BE22AB14170094526D /* Obligatorio3SantiagoTambasco */,
				B47B87BD22AB14170094526D /* Products */,
			);
			sourceTree = "<group>";
		};
		B47B87BD22AB14170094526D /* Products */ = {
			isa = PBXGroup;
			children = (
				B47B87BC22AB14170094526D /* Obligatorio3SantiagoTambasco.app */,
			);
			name = Products;
			sourceTree = "<group>";
		};
		B47B87BE22AB14170094526D /* Obligatorio3SantiagoTambasco */ = {
			isa = PBXGroup;
			children = (
				B47B87BF22AB14170094526D /* AppDelegate.swift */,
				B47B87C122AB14170094526D /* ViewController.swift */,
				B47B87C322AB14170094526D /* Main.storyboard */,
				B47B87C622AB14170094526D /* Assets.xcassets */,
				B47B87C822AB14170094526D /* LaunchScreen.storyboard */,
				B47B87CB22AB14170094526D /* Info.plist */,
			);
			path = Obligatorio3SantiagoTambasco;
			sourceTree = "<group>";
		};
/* End PBXGroup section */

/* Begin PBXNativeTarget section */
		B47B87BB22AB14170094526D /* Obligatorio3SantiagoTambasco */ = {
			isa = PBXNativeTarget;
			buildConfigurationList = B47B87CE22AB14170094526D /* Build configuration list for PBXNativeTarget "Obligatorio3SantiagoTambasco" */;
			buildPhases = (
				B47B87B822AB14170094526D /* Sources */,
				B47B87B922AB14170094526D /* Frameworks */,
				B47B87BA22AB14170094526D /* Resources */,
			);
			buildRules = (
			);
			dependencies = (
			);
			name = Obligatorio3SantiagoTambasco;
			productName = Obligatorio3SantiagoTambasco;
			productReference = B47B87BC22AB14170094526D /* Obligatorio3SantiagoTambasco.app */;
			productType = "com.apple.product-type.application";
		};
/* End PBXNativeTarget section */

/* Begin PBXProject section */
		B47B87B422AB14170094526D /* Project object */ = {
			isa = PBXProject;
			attributes = {
				LastSwiftUpdateCheck = 0920;
				LastUpgradeCheck = 0920;
				ORGANIZATIONNAME = "Adrian Perez Garrone";
				TargetAttributes = {
					B47B87BB22AB14170094526D = {
						CreatedOnToolsVersion = 9.2;
						ProvisioningStyle = Automatic;
					};
				};
			};
			buildConfigurationList = B47B87B722AB14170094526D /* Build configuration list for PBXProject "Obligatorio3SantiagoTambasco" */;
			compatibilityVersion = "Xcode 8.0";
			developmentRegion = en;
			hasScannedForEncodings = 0;
			knownRegions = (
				en,
				Base,
			);
			mainGroup = B47B87B322AB14170094526D;
			productRefGroup = B47B87BD22AB14170094526D /* Products */;
			projectDirPath = "";
			projectRoot = "";
			targets = (
				B47B87BB22AB14170094526D /* Obligatorio3SantiagoTambasco */,
			);
		};
/* End PBXProject section */

/* Begin PBXResourcesBuildPhase section */
		B47B87BA22AB14170094526D /* Resources */ = {
			isa = PBXResourcesBuildPhase;
			buildActionMask = 2147483647;
			files = (
				B47B87CA22AB14170094526D /* LaunchScreen.storyboard in Resources */,
				B47B87C722AB14170094526D /* Assets.xcassets in Resources */,
				B47B87C522AB14170094526D /* Main.storyboard in Resources */,
			);
			runOnlyForDeploymentPostprocessing = 0;
		};
/* End PBXResourcesBuildPhase section */

/* Begin PBXSourcesBuildPhase section */
		B47B87B822AB14170094526D /* Sources */ = {
			isa = PBXSourcesBuildPhase;
			buildActionMask = 2147483647;
			files = (
				B47B87C222AB14170094526D /* ViewController.swift in Sources */,
				B47B87C022AB14170094526D /* AppDelegate.swift in Sources */,
			);
			runOnlyForDeploymentPostprocessing = 0;
		};
/* End PBXSourcesBuildPhase section */

/* Begin PBXVariantGroup section */
		B47B87C322AB14170094526D /* Main.storyboard */ = {
			isa = PBXVariantGroup;
			children = (
				B47B87C422AB14170094526D /* Base */,
			);
			name = Main.storyboard;
			sourceTree = "<group>";
		};
		B47B87C822AB14170094526D /* LaunchScreen.storyboard */ = {
			isa = PBXVariantGroup;
			children = (
				B47B87C922AB14170094526D /* Base */,
			);
			name = LaunchScreen.storyboard;
			sourceTree = "<group>";
		};
/* End PBXVariantGroup section */

/* Begin XCBuildConfiguration section */
		B47B87CC22AB14170094526D /* Debug */ = {
			isa = XCBuildConfiguration;
			buildSettings = {
				ALWAYS_SEARCH_USER_PATHS = NO;
				CLANG_ANALYZER_NONNULL = YES;
				CLANG_ANALYZER_NUMBER_OBJECT_CONVERSION = YES_AGGRESSIVE;
				CLANG_CXX_LANGUAGE_STANDARD = "gnu++14";
				CLANG_CXX_LIBRARY = "libc++";
				CLANG_ENABLE_MODULES = YES;
				CLANG_ENABLE_OBJC_ARC = YES;
				CLANG_WARN_BLOCK_CAPTURE_AUTORELEASING = YES;
				CLANG_WARN_BOOL_CONVERSION = YES;
				CLANG_WARN_COMMA = YES;
				CLANG_WARN_CONSTANT_CONVERSION = YES;
				CLANG_WARN_DIRECT_OBJC_ISA_USAGE = YES_ERROR;
				CLANG_WARN_DOCUMENTATION_COMMENTS = YES;
				CLANG_WARN_EMPTY_BODY = YES;
				CLANG_WARN_ENUM_CONVERSION = YES;
				CLANG_WARN_INFINITE_RECURSION = YES;
				CLANG_WARN_INT_CONVERSION = YES;
				CLANG_WARN_NON_LITERAL_NULL_CONVERSION = YES;
				CLANG_WARN_OBJC_LITERAL_CONVERSION = YES;
				CLANG_WARN_OBJC_ROOT_CLASS = YES_ERROR;
				CLANG_WARN_RANGE_LOOP_ANALYSIS = YES;
				CLANG_WARN_STRICT_PROTOTYPES = YES;
				CLANG_WARN_SUSPICIOUS_MOVE = YES;
				CLANG_WARN_UNGUARDED_AVAILABILITY = YES_AGGRESSIVE;
				CLANG_WARN_UNREACHABLE_CODE = YES;
				CLANG_WARN__DUPLICATE_METHOD_MATCH = YES;
				CODE_SIGN_IDENTITY = "iPhone Developer";
				COPY_PHASE_STRIP = NO;
				DEBUG_INFORMATION_FORMAT = dwarf;
				ENABLE_STRICT_OBJC_MSGSEND = YES;
				ENABLE_TESTABILITY = YES;
				GCC_C_LANGUAGE_STANDARD = gnu11;
				GCC_DYNAMIC_NO_PIC = NO;
				GCC_NO_COMMON_BLOCKS = YES;
				GCC_OPTIMIZATION_LEVEL = 0;
				GCC_PREPROCESSOR_DEFINITIONS = (
					"DEBUG=1",
					"$(inherited)",
				);
				GCC_WARN_64_TO_32_BIT_CONVERSION = YES;
				GCC_WARN_ABOUT_RETURN_TYPE = YES_ERROR;
				GCC_WARN_UNDECLARED_SELECTOR = YES;
				GCC_WARN_UNINITIALIZED_AUTOS = YES_AGGRESSIVE;
				GCC_WARN_UNUSED_FUNCTION = YES;
				GCC_WARN_UNUSED_VARIABLE = YES;
				IPHONEOS_DEPLOYMENT_TARGET = 11.2;
				MTL_ENABLE_DEBUG_INFO = YES;
				ONLY_ACTIVE_ARCH = YES;
				SDKROOT = iphoneos;
				SWIFT_ACTIVE_COMPILATION_CONDITIONS = DEBUG;
				SWIFT_OPTIMIZATION_LEVEL = "-Onone";
			};
			name = Debug;
		};
		B47B87CD22AB14170094526D /* Release */ = {
			isa = XCBuildConfiguration;
			buildSettings = {
				ALWAYS_SEARCH_USER_PATHS = NO;
				CLANG_ANALYZER_NONNULL = YES;
				CLANG_ANALYZER_NUMBER_OBJECT_CONVERSION = YES_AGGRESSIVE;
				CLANG_CXX_LANGUAGE_STANDARD = "gnu++14";
				CLANG_CXX_LIBRARY = "libc++";
				CLANG_ENABLE_MODULES = YES;
				CLANG_ENABLE_OBJC_ARC = YES;
				CLANG_WARN_BLOCK_CAPTURE_AUTORELEASING = YES;
				CLANG_WARN_BOOL_CONVERSION = YES;
				CLANG_WARN_COMMA = YES;
				CLANG_WARN_CONSTANT_CONVERSION = YES;
				CLANG_WARN_DIRECT_OBJC_ISA_USAGE = YES_ERROR;
				CLANG_WARN_DOCUMENTATION_COMMENTS = YES;
				CLANG_WARN_EMPTY_BODY = YES;
				CLANG_WARN_ENUM_CONVERSION = YES;
				CLANG_WARN_INFINITE_RECURSION = YES;
				CLANG_WARN_INT_CONVERSION = YES;
				CLANG_WARN_NON_LITERAL_NULL_CONVERSION = YES;
				CLANG_WARN_OBJC_LITERAL_CONVERSION = YES;
				CLANG_WARN_OBJC_ROOT_CLASS = YES_ERROR;
				CLANG_WARN_RANGE_LOOP_ANALYSIS = YES;
				CLANG_WARN_STRICT_PROTOTYPES = YES;
				CLANG_WARN_SUSPICIOUS_MOVE = YES;
				CLANG_WARN_UNGUARDED_AVAILABILITY = YES_AGGRESSIVE;
				CLANG_WARN_UNREACHABLE_CODE = YES;
				CLANG_WARN__DUPLICATE_METHOD_MATCH = YES;
				CODE_SIGN_IDENTITY = "iPhone Developer";
				COPY_PHASE_STRIP = NO;
				DEBUG_INFORMATION_FORMAT = "dwarf-with-dsym";
				ENABLE_NS_ASSERTIONS = NO;
				ENABLE_STRICT_OBJC_MSGSEND = YES;
				GCC_C_LANGUAGE_STANDARD = gnu11;
				GCC_NO_COMMON_BLOCKS = YES;
				GCC_WARN_64_TO_32_BIT_CONVERSION = YES;
				GCC_WARN_ABOUT_RETURN_TYPE = YES_ERROR;
				GCC_WARN_UNDECLARED_SELECTOR = YES;
				GCC_WARN_UNINITIALIZED_AUTOS = YES_AGGRESSIVE;
				GCC_WARN_UNUSED_FUNCTION = YES;
				GCC_WARN_UNUSED_VARIABLE = YES;
				IPHONEOS_DEPLOYMENT_TARGET = 11.2;
				MTL_ENABLE_DEBUG_INFO = NO;
				SDKROOT = iphoneos;
				SWIFT_OPTIMIZATION_LEVEL = "-Owholemodule";
				VALIDATE_PRODUCT = YES;
			};
			name = Release;
		};
		B47B87CF22AB14170094526D /* Debug */ = {
			isa = XCBuildConfiguration;
			buildSettings = {
				ASSETCATALOG_COMPILER_APPICON_NAME = AppIcon;
				CODE_SIGN_STYLE = Automatic;
				INFOPLIST_FILE = Obligatorio3SantiagoTambasco/Info.plist;
				LD_RUNPATH_SEARCH_PATHS = "$(inherited) @executable_path/Frameworks";
				PRODUCT_BUNDLE_IDENTIFIER = Santiago.Obligatorio3SantiagoTambasco;
				PRODUCT_NAME = "$(TARGET_NAME)";
				SWIFT_VERSION = 4.0;
				TARGETED_DEVICE_FAMILY = "1,2";
			};
			name = Debug;
		};
		B47B87D022AB14170094526D /* Release */ = {
			isa = XCBuildConfiguration;
			buildSettings = {
				ASSETCATALOG_COMPILER_APPICON_NAME = AppIcon;
				CODE_SIGN_STYLE = Automatic;
				INFOPLIST_FILE = Obligatorio3SantiagoTambasco/Info.plist;
				LD_RUNPATH_SEARCH_PATHS = "$(inherited) @executable_path/Frameworks";
				PRODUCT_BUNDLE_IDENTIFIER = Santiago.Obligatorio3SantiagoTambasco;
				PRODUCT_NAME = "$(TARGET_NAME)";
				SWIFT_VERSION = 4.0;
				TARGETED_DEVICE_FAMILY = "1,2";
			};
			name = Release;
		};
/* End XCBuildConfiguration section */

/* Begin XCConfigurationList section */
		B47B87B722AB14170094526D /* Build configuration list for PBXProject "Obligatorio3SantiagoTambasco" */ = {
			isa = XCConfigurationList;
			buildConfigurations = (
				B47B87CC22AB14170094526D /* Debug */,
				B47B87CD22AB14170094526D /* Release */,
			);
			defaultConfigurationIsVisible = 0;
			defaultConfigurationName = Release;
		};
		B47B87CE22AB14170094526D /* Build configuration list for PBXNativeTarget "Obligatorio3SantiagoTambasco" */ = {
			isa = XCConfigurationList;
			buildConfigurations = (
				B47B87CF22AB14170094526D /* Debug */,
				B47B87D022AB14170094526D /* Release */,
			);
			defaultConfigurationIsVisible = 0;
			defaultConfigurationName = Release;
		};
/* End XCConfigurationList section */
	};
	rootObject = B47B87B422AB14170094526D /* Project object */;
}
